
Microsoft Visual Studio Solution File, Format Version 12.00
# Visual Studio Version 17
VisualStudioVersion = 17.0.32112.339
MinimumVisualStudioVersion = 10.0.40219.1
Project("{8BC9CEB8-8B4A-11D0-8D11-00A0C91BC942}") = "RM3058E", "RM3058E.vcxproj", "{ECE27A1E-0D8B-4A1E-ACC3-C01FA9A4E358}"
EndProject
Global
	GlobalSection(SolutionConfigurationPlatforms) = preSolution
		Debug|x64 = Debug|x64
		Debug|x86 = Debug|x86
		Release|x64 = Release|x64
		Release|x86 = Release|x86
	EndGlobalSection
	GlobalSection(ProjectConfigurationPlatforms) = postSolution
		{ECE27A1E-0D8B-4A1E-ACC3-C01FA9A4E358}.Debug|x64.ActiveCfg = Debug|x64
		{ECE27A1E-0D8B-4A1E-ACC3-C01FA9A4E358}.Debug|x64.Build.0 = Debug|x64
		{ECE27A1E-0D8B-4A1E-ACC3-C01FA9A4E358}.Debug|x86.ActiveCfg = Debug|Win32
		{ECE27A1E-0D8B-4A1E-ACC3-C01FA9A4E358}.Debug|x86.Build.0 = Debug|Win32
		{ECE27A1E-0D8B-4A1E-ACC3-C01FA9A4E358}.Release|x64.ActiveCfg = Release|x64
		{ECE27A1E-0D8B-4A1E-ACC3-C01FA9A4E358}.Release|x64.Build.0 = Release|x64
		{ECE27A1E-0D8B-4A1E-ACC3-C01FA9A4E358}.Release|x86.ActiveCfg = Release|Win32
		{ECE27A1E-0D8B-4A1E-ACC3-C01FA9A4E358}.Release|x86.Build.0 = Release|Win32
	EndGlobalSection
	GlobalSection(SolutionProperties) = preSolution
		HideSolutionNode = FALSE
	EndGlobalSection
	GlobalSection(ExtensibilityGlobals) = postSolution
		SolutionGuid = {326E618A-56A7-4A9A-8EB5-D3576C6C46DF}
	EndGlobalSection
EndGlobal
